// !$*UTF8*$!
{
	archiveVersion = 1;
	classes = {
	};
	objectVersion = 46;
	objects = {

/* Begin PBXBuildFile section */
		34AB1D221EA83D4000B244BF /* TestReviewVC.swift in Sources */ = {isa = PBXBuildFile; fileRef = 34AB1D211EA83D4000B244BF /* TestReviewVC.swift */; };
		34AB1D261EA8510500B244BF /* TestReviewHeaderTVC.swift in Sources */ = {isa = PBXBuildFile; fileRef = 34AB1D251EA8510500B244BF /* TestReviewHeaderTVC.swift */; };
		34AB1D281EA8510F00B244BF /* TestReviewQuestionTVC.swift in Sources */ = {isa = PBXBuildFile; fileRef = 34AB1D271EA8510F00B244BF /* TestReviewQuestionTVC.swift */; };
		34AB1D2A1EA8586A00B244BF /* Topic.swift in Sources */ = {isa = PBXBuildFile; fileRef = 34AB1D291EA8586A00B244BF /* Topic.swift */; };
		34AB1D2D1EA8624600B244BF /* SettingsVC.swift in Sources */ = {isa = PBXBuildFile; fileRef = 34AB1D2C1EA8624600B244BF /* SettingsVC.swift */; };
		34B1B6461EA80B4B00A41AAC /* ChoiceButton.swift in Sources */ = {isa = PBXBuildFile; fileRef = 34B1B6451EA80B4B00A41AAC /* ChoiceButton.swift */; };
		34C5FF3B1EA6559E0048CA8B /* LoginVC.swift in Sources */ = {isa = PBXBuildFile; fileRef = 34C5FF3A1EA6559E0048CA8B /* LoginVC.swift */; };
		34C5FF3F1EA6572C0048CA8B /* Settings.swift in Sources */ = {isa = PBXBuildFile; fileRef = 34C5FF3E1EA6572C0048CA8B /* Settings.swift */; };
		34C5FF411EA658C80048CA8B /* Api.swift in Sources */ = {isa = PBXBuildFile; fileRef = 34C5FF401EA658C80048CA8B /* Api.swift */; };
		34C5FF441EA65FE20048CA8B /* AlertExtension.swift in Sources */ = {isa = PBXBuildFile; fileRef = 34C5FF431EA65FE20048CA8B /* AlertExtension.swift */; };
		34C5FF461EA661AF0048CA8B /* TextFieldExtension.swift in Sources */ = {isa = PBXBuildFile; fileRef = 34C5FF451EA661AF0048CA8B /* TextFieldExtension.swift */; };
		34C5FF481EA6685A0048CA8B /* Event.swift in Sources */ = {isa = PBXBuildFile; fileRef = 34C5FF471EA6685A0048CA8B /* Event.swift */; };
		34C5FF4C1EA6A04F0048CA8B /* Question.swift in Sources */ = {isa = PBXBuildFile; fileRef = 34C5FF4B1EA6A04F0048CA8B /* Question.swift */; };
		34C5FF4E1EA6C4750048CA8B /* MainVC.swift in Sources */ = {isa = PBXBuildFile; fileRef = 34C5FF4D1EA6C4750048CA8B /* MainVC.swift */; };
		34C5FF501EA6C4D30048CA8B /* AdView.swift in Sources */ = {isa = PBXBuildFile; fileRef = 34C5FF4F1EA6C4D30048CA8B /* AdView.swift */; };
		34C5FF521EA79CEA0048CA8B /* TestButton.swift in Sources */ = {isa = PBXBuildFile; fileRef = 34C5FF511EA79CEA0048CA8B /* TestButton.swift */; };
		34C5FF541EA7A7650048CA8B /* TestVC.swift in Sources */ = {isa = PBXBuildFile; fileRef = 34C5FF531EA7A7650048CA8B /* TestVC.swift */; };
		34C5FF571EA7AAAD0048CA8B /* Test.swift in Sources */ = {isa = PBXBuildFile; fileRef = 34C5FF561EA7AAAD0048CA8B /* Test.swift */; };
		79B14D561EA53CE70017AD5B /* logo.JPG in Resources */ = {isa = PBXBuildFile; fileRef = 79B14D551EA53CE70017AD5B /* logo.JPG */; };
		79B14D581EA5442C0017AD5B /* Logo-2.png in Resources */ = {isa = PBXBuildFile; fileRef = 79B14D571EA5442C0017AD5B /* Logo-2.png */; };
		79B14D5A1EA5466A0017AD5B /* IAPHelper.swift in Sources */ = {isa = PBXBuildFile; fileRef = 79B14D591EA5466A0017AD5B /* IAPHelper.swift */; };
		79B14D5C1EA54B120017AD5B /* IAPProducts.swift in Sources */ = {isa = PBXBuildFile; fileRef = 79B14D5B1EA54B120017AD5B /* IAPProducts.swift */; };
		99040B12D0994C94957B5F88 /* Pods_PassTheBrokerTest.framework in Frameworks */ = {isa = PBXBuildFile; fileRef = F12FBDD7203B215A54D0EAAF /* Pods_PassTheBrokerTest.framework */; };
		FA06843B1E8B9BC000DE555A /* Login.png in Resources */ = {isa = PBXBuildFile; fileRef = FA0684381E8B9BC000DE555A /* Login.png */; };
		FA06843C1E8B9BC000DE555A /* Logo-1.png in Resources */ = {isa = PBXBuildFile; fileRef = FA0684391E8B9BC000DE555A /* Logo-1.png */; };
		FA06843D1E8B9BC000DE555A /* register.png in Resources */ = {isa = PBXBuildFile; fileRef = FA06843A1E8B9BC000DE555A /* register.png */; };
		FA0684431E8B9E8000DE555A /* art&design.png in Resources */ = {isa = PBXBuildFile; fileRef = FA06843E1E8B9E8000DE555A /* art&design.png */; };
		FA0684441E8B9E8000DE555A /* drama.png in Resources */ = {isa = PBXBuildFile; fileRef = FA06843F1E8B9E8000DE555A /* drama.png */; };
		FA0684451E8B9E8000DE555A /* header.png in Resources */ = {isa = PBXBuildFile; fileRef = FA0684401E8B9E8000DE555A /* header.png */; };
		FA0684461E8B9E8000DE555A /* launguge.png in Resources */ = {isa = PBXBuildFile; fileRef = FA0684411E8B9E8000DE555A /* launguge.png */; };
		FA0684491E8BA10600DE555A /* plain-btn.png in Resources */ = {isa = PBXBuildFile; fileRef = FA0684481E8BA10600DE555A /* plain-btn.png */; };
		FA06844B1E8BAFAC00DE555A /* bg.png in Resources */ = {isa = PBXBuildFile; fileRef = FA06844A1E8BAFAC00DE555A /* bg.png */; };
		FA11CCBF1E8A3B2F0015706F /* AppDelegate.swift in Sources */ = {isa = PBXBuildFile; fileRef = FA11CCBE1E8A3B2F0015706F /* AppDelegate.swift */; };
		FA11CCC41E8A3B2F0015706F /* Main.storyboard in Resources */ = {isa = PBXBuildFile; fileRef = FA11CCC21E8A3B2F0015706F /* Main.storyboard */; };
		FA11CCC61E8A3B2F0015706F /* Assets.xcassets in Resources */ = {isa = PBXBuildFile; fileRef = FA11CCC51E8A3B2F0015706F /* Assets.xcassets */; };
		FA11CCC91E8A3B2F0015706F /* LaunchScreen.storyboard in Resources */ = {isa = PBXBuildFile; fileRef = FA11CCC71E8A3B2F0015706F /* LaunchScreen.storyboard */; };
		FA11CCD31E8A3D690015706F /* VMFloatLabelTextField.swift in Sources */ = {isa = PBXBuildFile; fileRef = FA11CCD11E8A3D690015706F /* VMFloatLabelTextField.swift */; };
		FA11CCD41E8A3D690015706F /* VMFloatLabelTextView.swift in Sources */ = {isa = PBXBuildFile; fileRef = FA11CCD21E8A3D690015706F /* VMFloatLabelTextView.swift */; };
		FA11CCD81E8A8D260015706F /* RegisterVC.swift in Sources */ = {isa = PBXBuildFile; fileRef = FA11CCD71E8A8D260015706F /* RegisterVC.swift */; };
		FA5BCC131E8F9124001EA7B7 /* PassTheBrokerTestUITests.swift in Sources */ = {isa = PBXBuildFile; fileRef = FA5BCC121E8F9124001EA7B7 /* PassTheBrokerTestUITests.swift */; };
		FA701AF91E8D26E500AD69BD /* TestResultVC.swift in Sources */ = {isa = PBXBuildFile; fileRef = FA701AF81E8D26E500AD69BD /* TestResultVC.swift */; };
		FA701AFC1E8D31BC00AD69BD /* Game Over-Light-bg.png in Resources */ = {isa = PBXBuildFile; fileRef = FA701AFA1E8D31BC00AD69BD /* Game Over-Light-bg.png */; };
		FA701AFD1E8D31BC00AD69BD /* take-new-test.png in Resources */ = {isa = PBXBuildFile; fileRef = FA701AFB1E8D31BC00AD69BD /* take-new-test.png */; };
		FA701AFF1E8D36AC00AD69BD /* reviewresult.png in Resources */ = {isa = PBXBuildFile; fileRef = FA701AFE1E8D36AC00AD69BD /* reviewresult.png */; };
		FA701B011E8D383900AD69BD /* TestHistoryVC.swift in Sources */ = {isa = PBXBuildFile; fileRef = FA701B001E8D383900AD69BD /* TestHistoryVC.swift */; };
		FA701B021E8D47DA00AD69BD /* Karla700.ttf in Resources */ = {isa = PBXBuildFile; fileRef = FA06844D1E8BB56E00DE555A /* Karla700.ttf */; };
		FA701B031E8D47DE00AD69BD /* Karla700italic.ttf in Resources */ = {isa = PBXBuildFile; fileRef = FA06844E1E8BB56E00DE555A /* Karla700italic.ttf */; };
		FA701B041E8D47E000AD69BD /* Karlaitalic.ttf in Resources */ = {isa = PBXBuildFile; fileRef = FA06844F1E8BB56E00DE555A /* Karlaitalic.ttf */; };
		FA701B051E8D47E300AD69BD /* Karlaregular.ttf in Resources */ = {isa = PBXBuildFile; fileRef = FA0684501E8BB56E00DE555A /* Karlaregular.ttf */; };
		FA701B061E8D47E600AD69BD /* Poppins300.ttf in Resources */ = {isa = PBXBuildFile; fileRef = FA0684511E8BB56E00DE555A /* Poppins300.ttf */; };
		FA701B071E8D47E800AD69BD /* Poppins500.ttf in Resources */ = {isa = PBXBuildFile; fileRef = FA0684521E8BB56E00DE555A /* Poppins500.ttf */; };
		FA701B081E8D47EA00AD69BD /* Poppins700.ttf in Resources */ = {isa = PBXBuildFile; fileRef = FA0684531E8BB56E00DE555A /* Poppins700.ttf */; };
		FA701B091E8D47F000AD69BD /* Poppinsregular.ttf in Resources */ = {isa = PBXBuildFile; fileRef = FA0684541E8BB56E00DE555A /* Poppinsregular.ttf */; };
		FA701B0A1E8D47F000AD69BD /* Rubik-Black.ttf in Resources */ = {isa = PBXBuildFile; fileRef = FA0684551E8BB56E00DE555A /* Rubik-Black.ttf */; };
		FA701B0B1E8D47F000AD69BD /* Rubik-BlackItalic.ttf in Resources */ = {isa = PBXBuildFile; fileRef = FA0684561E8BB56E00DE555A /* Rubik-BlackItalic.ttf */; };
		FA701B0C1E8D47F000AD69BD /* Rubik-Bold.ttf in Resources */ = {isa = PBXBuildFile; fileRef = FA0684571E8BB56E00DE555A /* Rubik-Bold.ttf */; };
		FA701B0D1E8D47F000AD69BD /* Rubik-BoldItalic.ttf in Resources */ = {isa = PBXBuildFile; fileRef = FA0684581E8BB56E00DE555A /* Rubik-BoldItalic.ttf */; };
		FA701B0E1E8D47F000AD69BD /* Rubik-Light.ttf in Resources */ = {isa = PBXBuildFile; fileRef = FA0684591E8BB56E00DE555A /* Rubik-Light.ttf */; };
		FA701B0F1E8D47F000AD69BD /* Rubik-LightItalic.ttf in Resources */ = {isa = PBXBuildFile; fileRef = FA06845A1E8BB56E00DE555A /* Rubik-LightItalic.ttf */; };
		FA701B101E8D47F000AD69BD /* Rubik-Medium.ttf in Resources */ = {isa = PBXBuildFile; fileRef = FA06845B1E8BB56E00DE555A /* Rubik-Medium.ttf */; };
		FA701B111E8D47F000AD69BD /* Rubik-MediumItalic.ttf in Resources */ = {isa = PBXBuildFile; fileRef = FA06845C1E8BB56E00DE555A /* Rubik-MediumItalic.ttf */; };
		FA701B121E8D47F000AD69BD /* Rubik-Regular.ttf in Resources */ = {isa = PBXBuildFile; fileRef = FA06845D1E8BB56E00DE555A /* Rubik-Regular.ttf */; };
		FA90AC081E9F8F51008BEEE3 /* StoreKit.framework in Frameworks */ = {isa = PBXBuildFile; fileRef = FA90AC071E9F8F51008BEEE3 /* StoreKit.framework */; };
		FAA083571E977B54005BA1A0 /* ChangeUserDetailVC.swift in Sources */ = {isa = PBXBuildFile; fileRef = FAA083561E977B54005BA1A0 /* ChangeUserDetailVC.swift */; };
		FAB423031E8E2A68000A27FF /* MenuVC.swift in Sources */ = {isa = PBXBuildFile; fileRef = FAB423021E8E2A68000A27FF /* MenuVC.swift */; };
		FAB4230D1E8E2FAD000A27FF /* logout-1.png in Resources */ = {isa = PBXBuildFile; fileRef = FAB4230A1E8E2FAD000A27FF /* logout-1.png */; };
		FAB4230F1E8E2FAD000A27FF /* setting.png in Resources */ = {isa = PBXBuildFile; fileRef = FAB4230C1E8E2FAD000A27FF /* setting.png */; };
		FAB423141E8E3AAA000A27FF /* change-passwrd.png in Resources */ = {isa = PBXBuildFile; fileRef = FAB423101E8E3AAA000A27FF /* change-passwrd.png */; };
		FAB423151E8E3AAA000A27FF /* logout-2.png in Resources */ = {isa = PBXBuildFile; fileRef = FAB423111E8E3AAA000A27FF /* logout-2.png */; };
		FAB423161E8E3AAA000A27FF /* restore.png in Resources */ = {isa = PBXBuildFile; fileRef = FAB423121E8E3AAA000A27FF /* restore.png */; };
		FAB423171E8E3AAA000A27FF /* update-email.png in Resources */ = {isa = PBXBuildFile; fileRef = FAB423131E8E3AAA000A27FF /* update-email.png */; };
		FAC0DCF41E8B8583001855D3 /* Sign In-Light.png in Resources */ = {isa = PBXBuildFile; fileRef = FAC0DCF31E8B8583001855D3 /* Sign In-Light.png */; };
/* End PBXBuildFile section */

/* Begin PBXContainerItemProxy section */
		FA5BCC151E8F9124001EA7B7 /* PBXContainerItemProxy */ = {
			isa = PBXContainerItemProxy;
			containerPortal = FA11CCB31E8A3B2E0015706F /* Project object */;
			proxyType = 1;
			remoteGlobalIDString = FA11CCBA1E8A3B2E0015706F;
			remoteInfo = PassTheBrokerTest;
		};
/* End PBXContainerItemProxy section */

/* Begin PBXFileReference section */
		34AB1D211EA83D4000B244BF /* TestReviewVC.swift */ = {isa = PBXFileReference; fileEncoding = 4; lastKnownFileType = sourcecode.swift; path = TestReviewVC.swift; sourceTree = "<group>"; };
		34AB1D251EA8510500B244BF /* TestReviewHeaderTVC.swift */ = {isa = PBXFileReference; fileEncoding = 4; lastKnownFileType = sourcecode.swift; path = TestReviewHeaderTVC.swift; sourceTree = "<group>"; };
		34AB1D271EA8510F00B244BF /* TestReviewQuestionTVC.swift */ = {isa = PBXFileReference; fileEncoding = 4; lastKnownFileType = sourcecode.swift; path = TestReviewQuestionTVC.swift; sourceTree = "<group>"; };
		34AB1D291EA8586A00B244BF /* Topic.swift */ = {isa = PBXFileReference; fileEncoding = 4; lastKnownFileType = sourcecode.swift; path = Topic.swift; sourceTree = "<group>"; };
		34AB1D2C1EA8624600B244BF /* SettingsVC.swift */ = {isa = PBXFileReference; fileEncoding = 4; lastKnownFileType = sourcecode.swift; path = SettingsVC.swift; sourceTree = "<group>"; };
		34B1B6451EA80B4B00A41AAC /* ChoiceButton.swift */ = {isa = PBXFileReference; fileEncoding = 4; lastKnownFileType = sourcecode.swift; path = ChoiceButton.swift; sourceTree = "<group>"; };
		34C5FF3A1EA6559E0048CA8B /* LoginVC.swift */ = {isa = PBXFileReference; fileEncoding = 4; lastKnownFileType = sourcecode.swift; path = LoginVC.swift; sourceTree = "<group>"; };
		34C5FF3E1EA6572C0048CA8B /* Settings.swift */ = {isa = PBXFileReference; fileEncoding = 4; lastKnownFileType = sourcecode.swift; path = Settings.swift; sourceTree = "<group>"; };
		34C5FF401EA658C80048CA8B /* Api.swift */ = {isa = PBXFileReference; fileEncoding = 4; lastKnownFileType = sourcecode.swift; path = Api.swift; sourceTree = "<group>"; };
		34C5FF431EA65FE20048CA8B /* AlertExtension.swift */ = {isa = PBXFileReference; fileEncoding = 4; lastKnownFileType = sourcecode.swift; path = AlertExtension.swift; sourceTree = "<group>"; };
		34C5FF451EA661AF0048CA8B /* TextFieldExtension.swift */ = {isa = PBXFileReference; fileEncoding = 4; lastKnownFileType = sourcecode.swift; path = TextFieldExtension.swift; sourceTree = "<group>"; };
		34C5FF471EA6685A0048CA8B /* Event.swift */ = {isa = PBXFileReference; fileEncoding = 4; lastKnownFileType = sourcecode.swift; path = Event.swift; sourceTree = "<group>"; };
		34C5FF4B1EA6A04F0048CA8B /* Question.swift */ = {isa = PBXFileReference; fileEncoding = 4; lastKnownFileType = sourcecode.swift; path = Question.swift; sourceTree = "<group>"; };
		34C5FF4D1EA6C4750048CA8B /* MainVC.swift */ = {isa = PBXFileReference; fileEncoding = 4; lastKnownFileType = sourcecode.swift; path = MainVC.swift; sourceTree = "<group>"; };
		34C5FF4F1EA6C4D30048CA8B /* AdView.swift */ = {isa = PBXFileReference; fileEncoding = 4; lastKnownFileType = sourcecode.swift; path = AdView.swift; sourceTree = "<group>"; };
		34C5FF511EA79CEA0048CA8B /* TestButton.swift */ = {isa = PBXFileReference; fileEncoding = 4; lastKnownFileType = sourcecode.swift; path = TestButton.swift; sourceTree = "<group>"; };
		34C5FF531EA7A7650048CA8B /* TestVC.swift */ = {isa = PBXFileReference; fileEncoding = 4; lastKnownFileType = sourcecode.swift; path = TestVC.swift; sourceTree = "<group>"; };
		34C5FF561EA7AAAD0048CA8B /* Test.swift */ = {isa = PBXFileReference; fileEncoding = 4; lastKnownFileType = sourcecode.swift; path = Test.swift; sourceTree = "<group>"; };
		69A6BC437AEAA60E771C0E2F /* Pods-PassTheBrokerTest.debug.xcconfig */ = {isa = PBXFileReference; includeInIndex = 1; lastKnownFileType = text.xcconfig; name = "Pods-PassTheBrokerTest.debug.xcconfig"; path = "Pods/Target Support Files/Pods-PassTheBrokerTest/Pods-PassTheBrokerTest.debug.xcconfig"; sourceTree = "<group>"; };
		79B14D551EA53CE70017AD5B /* logo.JPG */ = {isa = PBXFileReference; lastKnownFileType = image.jpeg; path = logo.JPG; sourceTree = "<group>"; };
		79B14D571EA5442C0017AD5B /* Logo-2.png */ = {isa = PBXFileReference; lastKnownFileType = image.png; path = "Logo-2.png"; sourceTree = "<group>"; };
		79B14D591EA5466A0017AD5B /* IAPHelper.swift */ = {isa = PBXFileReference; fileEncoding = 4; lastKnownFileType = sourcecode.swift; path = IAPHelper.swift; sourceTree = "<group>"; };
		79B14D5B1EA54B120017AD5B /* IAPProducts.swift */ = {isa = PBXFileReference; fileEncoding = 4; lastKnownFileType = sourcecode.swift; path = IAPProducts.swift; sourceTree = "<group>"; };
		F12FBDD7203B215A54D0EAAF /* Pods_PassTheBrokerTest.framework */ = {isa = PBXFileReference; explicitFileType = wrapper.framework; includeInIndex = 0; path = Pods_PassTheBrokerTest.framework; sourceTree = BUILT_PRODUCTS_DIR; };
		F41968D408FD6CC38EBF7917 /* Pods-PassTheBrokerTest.release.xcconfig */ = {isa = PBXFileReference; includeInIndex = 1; lastKnownFileType = text.xcconfig; name = "Pods-PassTheBrokerTest.release.xcconfig"; path = "Pods/Target Support Files/Pods-PassTheBrokerTest/Pods-PassTheBrokerTest.release.xcconfig"; sourceTree = "<group>"; };
		FA0684381E8B9BC000DE555A /* Login.png */ = {isa = PBXFileReference; lastKnownFileType = image.png; path = Login.png; sourceTree = "<group>"; };
		FA0684391E8B9BC000DE555A /* Logo-1.png */ = {isa = PBXFileReference; lastKnownFileType = image.png; path = "Logo-1.png"; sourceTree = "<group>"; };
		FA06843A1E8B9BC000DE555A /* register.png */ = {isa = PBXFileReference; lastKnownFileType = image.png; path = register.png; sourceTree = "<group>"; };
		FA06843E1E8B9E8000DE555A /* art&design.png */ = {isa = PBXFileReference; lastKnownFileType = image.png; path = "art&design.png"; sourceTree = "<group>"; };
		FA06843F1E8B9E8000DE555A /* drama.png */ = {isa = PBXFileReference; lastKnownFileType = image.png; path = drama.png; sourceTree = "<group>"; };
		FA0684401E8B9E8000DE555A /* header.png */ = {isa = PBXFileReference; lastKnownFileType = image.png; path = header.png; sourceTree = "<group>"; };
		FA0684411E8B9E8000DE555A /* launguge.png */ = {isa = PBXFileReference; lastKnownFileType = image.png; path = launguge.png; sourceTree = "<group>"; };
		FA0684481E8BA10600DE555A /* plain-btn.png */ = {isa = PBXFileReference; lastKnownFileType = image.png; path = "plain-btn.png"; sourceTree = "<group>"; };
		FA06844A1E8BAFAC00DE555A /* bg.png */ = {isa = PBXFileReference; lastKnownFileType = image.png; path = bg.png; sourceTree = "<group>"; };
		FA06844D1E8BB56E00DE555A /* Karla700.ttf */ = {isa = PBXFileReference; lastKnownFileType = file; path = Karla700.ttf; sourceTree = "<group>"; };
		FA06844E1E8BB56E00DE555A /* Karla700italic.ttf */ = {isa = PBXFileReference; lastKnownFileType = file; path = Karla700italic.ttf; sourceTree = "<group>"; };
		FA06844F1E8BB56E00DE555A /* Karlaitalic.ttf */ = {isa = PBXFileReference; lastKnownFileType = file; path = Karlaitalic.ttf; sourceTree = "<group>"; };
		FA0684501E8BB56E00DE555A /* Karlaregular.ttf */ = {isa = PBXFileReference; lastKnownFileType = file; path = Karlaregular.ttf; sourceTree = "<group>"; };
		FA0684511E8BB56E00DE555A /* Poppins300.ttf */ = {isa = PBXFileReference; lastKnownFileType = file; path = Poppins300.ttf; sourceTree = "<group>"; };
		FA0684521E8BB56E00DE555A /* Poppins500.ttf */ = {isa = PBXFileReference; lastKnownFileType = file; path = Poppins500.ttf; sourceTree = "<group>"; };
		FA0684531E8BB56E00DE555A /* Poppins700.ttf */ = {isa = PBXFileReference; lastKnownFileType = file; path = Poppins700.ttf; sourceTree = "<group>"; };
		FA0684541E8BB56E00DE555A /* Poppinsregular.ttf */ = {isa = PBXFileReference; lastKnownFileType = file; path = Poppinsregular.ttf; sourceTree = "<group>"; };
		FA0684551E8BB56E00DE555A /* Rubik-Black.ttf */ = {isa = PBXFileReference; lastKnownFileType = file; path = "Rubik-Black.ttf"; sourceTree = "<group>"; };
		FA0684561E8BB56E00DE555A /* Rubik-BlackItalic.ttf */ = {isa = PBXFileReference; lastKnownFileType = file; path = "Rubik-BlackItalic.ttf"; sourceTree = "<group>"; };
		FA0684571E8BB56E00DE555A /* Rubik-Bold.ttf */ = {isa = PBXFileReference; lastKnownFileType = file; path = "Rubik-Bold.ttf"; sourceTree = "<group>"; };
		FA0684581E8BB56E00DE555A /* Rubik-BoldItalic.ttf */ = {isa = PBXFileReference; lastKnownFileType = file; path = "Rubik-BoldItalic.ttf"; sourceTree = "<group>"; };
		FA0684591E8BB56E00DE555A /* Rubik-Light.ttf */ = {isa = PBXFileReference; lastKnownFileType = file; path = "Rubik-Light.ttf"; sourceTree = "<group>"; };
		FA06845A1E8BB56E00DE555A /* Rubik-LightItalic.ttf */ = {isa = PBXFileReference; lastKnownFileType = file; path = "Rubik-LightItalic.ttf"; sourceTree = "<group>"; };
		FA06845B1E8BB56E00DE555A /* Rubik-Medium.ttf */ = {isa = PBXFileReference; lastKnownFileType = file; path = "Rubik-Medium.ttf"; sourceTree = "<group>"; };
		FA06845C1E8BB56E00DE555A /* Rubik-MediumItalic.ttf */ = {isa = PBXFileReference; lastKnownFileType = file; path = "Rubik-MediumItalic.ttf"; sourceTree = "<group>"; };
		FA06845D1E8BB56E00DE555A /* Rubik-Regular.ttf */ = {isa = PBXFileReference; lastKnownFileType = file; path = "Rubik-Regular.ttf"; sourceTree = "<group>"; };
		FA11CCBB1E8A3B2F0015706F /* PassTheBrokerTest.app */ = {isa = PBXFileReference; explicitFileType = wrapper.application; includeInIndex = 0; path = PassTheBrokerTest.app; sourceTree = BUILT_PRODUCTS_DIR; };
		FA11CCBE1E8A3B2F0015706F /* AppDelegate.swift */ = {isa = PBXFileReference; lastKnownFileType = sourcecode.swift; path = AppDelegate.swift; sourceTree = "<group>"; };
		FA11CCC31E8A3B2F0015706F /* Base */ = {isa = PBXFileReference; lastKnownFileType = file.storyboard; name = Base; path = Base.lproj/Main.storyboard; sourceTree = "<group>"; };
		FA11CCC51E8A3B2F0015706F /* Assets.xcassets */ = {isa = PBXFileReference; lastKnownFileType = folder.assetcatalog; path = Assets.xcassets; sourceTree = "<group>"; };
		FA11CCC81E8A3B2F0015706F /* Base */ = {isa = PBXFileReference; lastKnownFileType = file.storyboard; name = Base; path = Base.lproj/LaunchScreen.storyboard; sourceTree = "<group>"; };
		FA11CCCA1E8A3B2F0015706F /* Info.plist */ = {isa = PBXFileReference; lastKnownFileType = text.plist.xml; path = Info.plist; sourceTree = "<group>"; };
		FA11CCD11E8A3D690015706F /* VMFloatLabelTextField.swift */ = {isa = PBXFileReference; fileEncoding = 4; lastKnownFileType = sourcecode.swift; path = VMFloatLabelTextField.swift; sourceTree = "<group>"; };
		FA11CCD21E8A3D690015706F /* VMFloatLabelTextView.swift */ = {isa = PBXFileReference; fileEncoding = 4; lastKnownFileType = sourcecode.swift; path = VMFloatLabelTextView.swift; sourceTree = "<group>"; };
		FA11CCD71E8A8D260015706F /* RegisterVC.swift */ = {isa = PBXFileReference; fileEncoding = 4; lastKnownFileType = sourcecode.swift; path = RegisterVC.swift; sourceTree = "<group>"; };
		FA5BCC101E8F9124001EA7B7 /* PassTheBrokerTestUITests.xctest */ = {isa = PBXFileReference; explicitFileType = wrapper.cfbundle; includeInIndex = 0; path = PassTheBrokerTestUITests.xctest; sourceTree = BUILT_PRODUCTS_DIR; };
		FA5BCC121E8F9124001EA7B7 /* PassTheBrokerTestUITests.swift */ = {isa = PBXFileReference; lastKnownFileType = sourcecode.swift; path = PassTheBrokerTestUITests.swift; sourceTree = "<group>"; };
		FA5BCC141E8F9124001EA7B7 /* Info.plist */ = {isa = PBXFileReference; lastKnownFileType = text.plist.xml; path = Info.plist; sourceTree = "<group>"; };
		FA701AF81E8D26E500AD69BD /* TestResultVC.swift */ = {isa = PBXFileReference; fileEncoding = 4; lastKnownFileType = sourcecode.swift; path = TestResultVC.swift; sourceTree = "<group>"; };
		FA701AFA1E8D31BC00AD69BD /* Game Over-Light-bg.png */ = {isa = PBXFileReference; lastKnownFileType = image.png; path = "Game Over-Light-bg.png"; sourceTree = "<group>"; };
		FA701AFB1E8D31BC00AD69BD /* take-new-test.png */ = {isa = PBXFileReference; lastKnownFileType = image.png; path = "take-new-test.png"; sourceTree = "<group>"; };
		FA701AFE1E8D36AC00AD69BD /* reviewresult.png */ = {isa = PBXFileReference; lastKnownFileType = image.png; path = reviewresult.png; sourceTree = "<group>"; };
		FA701B001E8D383900AD69BD /* TestHistoryVC.swift */ = {isa = PBXFileReference; fileEncoding = 4; lastKnownFileType = sourcecode.swift; path = TestHistoryVC.swift; sourceTree = "<group>"; };
		FA90AC071E9F8F51008BEEE3 /* StoreKit.framework */ = {isa = PBXFileReference; lastKnownFileType = wrapper.framework; name = StoreKit.framework; path = System/Library/Frameworks/StoreKit.framework; sourceTree = SDKROOT; };
		FAA083561E977B54005BA1A0 /* ChangeUserDetailVC.swift */ = {isa = PBXFileReference; fileEncoding = 4; lastKnownFileType = sourcecode.swift; path = ChangeUserDetailVC.swift; sourceTree = "<group>"; };
		FAB423021E8E2A68000A27FF /* MenuVC.swift */ = {isa = PBXFileReference; fileEncoding = 4; lastKnownFileType = sourcecode.swift; path = MenuVC.swift; sourceTree = "<group>"; };
		FAB4230A1E8E2FAD000A27FF /* logout-1.png */ = {isa = PBXFileReference; lastKnownFileType = image.png; path = "logout-1.png"; sourceTree = "<group>"; };
		FAB4230C1E8E2FAD000A27FF /* setting.png */ = {isa = PBXFileReference; lastKnownFileType = image.png; path = setting.png; sourceTree = "<group>"; };
		FAB423101E8E3AAA000A27FF /* change-passwrd.png */ = {isa = PBXFileReference; lastKnownFileType = image.png; path = "change-passwrd.png"; sourceTree = "<group>"; };
		FAB423111E8E3AAA000A27FF /* logout-2.png */ = {isa = PBXFileReference; lastKnownFileType = image.png; path = "logout-2.png"; sourceTree = "<group>"; };
		FAB423121E8E3AAA000A27FF /* restore.png */ = {isa = PBXFileReference; lastKnownFileType = image.png; path = restore.png; sourceTree = "<group>"; };
		FAB423131E8E3AAA000A27FF /* update-email.png */ = {isa = PBXFileReference; lastKnownFileType = image.png; path = "update-email.png"; sourceTree = "<group>"; };
		FAC0DCF31E8B8583001855D3 /* Sign In-Light.png */ = {isa = PBXFileReference; lastKnownFileType = image.png; path = "Sign In-Light.png"; sourceTree = "<group>"; };
/* End PBXFileReference section */

/* Begin PBXFrameworksBuildPhase section */
		FA11CCB81E8A3B2E0015706F /* Frameworks */ = {
			isa = PBXFrameworksBuildPhase;
			buildActionMask = 2147483647;
			files = (
				FA90AC081E9F8F51008BEEE3 /* StoreKit.framework in Frameworks */,
				99040B12D0994C94957B5F88 /* Pods_PassTheBrokerTest.framework in Frameworks */,
			);
			runOnlyForDeploymentPostprocessing = 0;
		};
		FA5BCC0D1E8F9124001EA7B7 /* Frameworks */ = {
			isa = PBXFrameworksBuildPhase;
			buildActionMask = 2147483647;
			files = (
			);
			runOnlyForDeploymentPostprocessing = 0;
		};
/* End PBXFrameworksBuildPhase section */

/* Begin PBXGroup section */
		34AB1D2B1EA85F4500B244BF /* Menu */ = {
			isa = PBXGroup;
			children = (
				FAB423021E8E2A68000A27FF /* MenuVC.swift */,
			);
			name = Menu;
			sourceTree = "<group>";
		};
		34B1B6441EA80B3900A41AAC /* Test */ = {
			isa = PBXGroup;
			children = (
				34C5FF531EA7A7650048CA8B /* TestVC.swift */,
				34B1B6451EA80B4B00A41AAC /* ChoiceButton.swift */,
				FA701AF81E8D26E500AD69BD /* TestResultVC.swift */,
				34AB1D211EA83D4000B244BF /* TestReviewVC.swift */,
				34AB1D251EA8510500B244BF /* TestReviewHeaderTVC.swift */,
				34AB1D271EA8510F00B244BF /* TestReviewQuestionTVC.swift */,
			);
			name = Test;
			sourceTree = "<group>";
		};
		34C5FF3C1EA657080048CA8B /* Model */ = {
			isa = PBXGroup;
			children = (
				34C5FF4A1EA6A0420048CA8B /* Entities */,
				34C5FF3E1EA6572C0048CA8B /* Settings.swift */,
				34C5FF401EA658C80048CA8B /* Api.swift */,
				34C5FF471EA6685A0048CA8B /* Event.swift */,
			);
			name = Model;
			sourceTree = "<group>";
		};
		34C5FF3D1EA657130048CA8B /* Views */ = {
			isa = PBXGroup;
			children = (
				34C5FF491EA69A440048CA8B /* Auth */,
				34C5FF551EA7AA1A0048CA8B /* Main */,
				34B1B6441EA80B3900A41AAC /* Test */,
				34AB1D2B1EA85F4500B244BF /* Menu */,
				34C5FF4F1EA6C4D30048CA8B /* AdView.swift */,
			);
			name = Views;
			sourceTree = "<group>";
		};
		34C5FF421EA65FD50048CA8B /* Extensions */ = {
			isa = PBXGroup;
			children = (
				34C5FF431EA65FE20048CA8B /* AlertExtension.swift */,
				34C5FF451EA661AF0048CA8B /* TextFieldExtension.swift */,
			);
			name = Extensions;
			sourceTree = "<group>";
		};
		34C5FF491EA69A440048CA8B /* Auth */ = {
			isa = PBXGroup;
			children = (
				34C5FF3A1EA6559E0048CA8B /* LoginVC.swift */,
				FA11CCD71E8A8D260015706F /* RegisterVC.swift */,
			);
			name = Auth;
			sourceTree = "<group>";
		};
		34C5FF4A1EA6A0420048CA8B /* Entities */ = {
			isa = PBXGroup;
			children = (
				34C5FF4B1EA6A04F0048CA8B /* Question.swift */,
				34AB1D291EA8586A00B244BF /* Topic.swift */,
				34C5FF561EA7AAAD0048CA8B /* Test.swift */,
			);
			name = Entities;
			sourceTree = "<group>";
		};
		34C5FF551EA7AA1A0048CA8B /* Main */ = {
			isa = PBXGroup;
			children = (
				34C5FF4D1EA6C4750048CA8B /* MainVC.swift */,
				34C5FF511EA79CEA0048CA8B /* TestButton.swift */,
			);
			name = Main;
			sourceTree = "<group>";
		};
		79B14D541EA53BE90017AD5B /* In-App Purchases */ = {
			isa = PBXGroup;
			children = (
				79B14D591EA5466A0017AD5B /* IAPHelper.swift */,
				79B14D5B1EA54B120017AD5B /* IAPProducts.swift */,
			);
			name = "In-App Purchases";
			sourceTree = "<group>";
		};
		9358FC6BF7BC2B294D366C93 /* Pods */ = {
			isa = PBXGroup;
			children = (
				69A6BC437AEAA60E771C0E2F /* Pods-PassTheBrokerTest.debug.xcconfig */,
				F41968D408FD6CC38EBF7917 /* Pods-PassTheBrokerTest.release.xcconfig */,
			);
			name = Pods;
			sourceTree = "<group>";
		};
		FA06844C1E8BB55300DE555A /* Fonts */ = {
			isa = PBXGroup;
			children = (
				FA06844D1E8BB56E00DE555A /* Karla700.ttf */,
				FA06844E1E8BB56E00DE555A /* Karla700italic.ttf */,
				FA06844F1E8BB56E00DE555A /* Karlaitalic.ttf */,
				FA0684501E8BB56E00DE555A /* Karlaregular.ttf */,
				FA0684511E8BB56E00DE555A /* Poppins300.ttf */,
				FA0684521E8BB56E00DE555A /* Poppins500.ttf */,
				FA0684531E8BB56E00DE555A /* Poppins700.ttf */,
				FA0684541E8BB56E00DE555A /* Poppinsregular.ttf */,
				FA0684551E8BB56E00DE555A /* Rubik-Black.ttf */,
				FA0684561E8BB56E00DE555A /* Rubik-BlackItalic.ttf */,
				FA0684571E8BB56E00DE555A /* Rubik-Bold.ttf */,
				FA0684581E8BB56E00DE555A /* Rubik-BoldItalic.ttf */,
				FA0684591E8BB56E00DE555A /* Rubik-Light.ttf */,
				FA06845A1E8BB56E00DE555A /* Rubik-LightItalic.ttf */,
				FA06845B1E8BB56E00DE555A /* Rubik-Medium.ttf */,
				FA06845C1E8BB56E00DE555A /* Rubik-MediumItalic.ttf */,
				FA06845D1E8BB56E00DE555A /* Rubik-Regular.ttf */,
			);
			name = Fonts;
			sourceTree = "<group>";
		};
		FA11CCB21E8A3B2E0015706F = {
			isa = PBXGroup;
			children = (
				FA11CCD01E8A3D590015706F /* 3rd Party Libraries */,
				FA11CCBD1E8A3B2F0015706F /* PassTheBrokerTest */,
				FA5BCC111E8F9124001EA7B7 /* PassTheBrokerTestUITests */,
				FA11CCBC1E8A3B2F0015706F /* Products */,
				FA90AC061E9F8F51008BEEE3 /* Frameworks */,
				9358FC6BF7BC2B294D366C93 /* Pods */,
			);
			sourceTree = "<group>";
		};
		FA11CCBC1E8A3B2F0015706F /* Products */ = {
			isa = PBXGroup;
			children = (
				FA11CCBB1E8A3B2F0015706F /* PassTheBrokerTest.app */,
				FA5BCC101E8F9124001EA7B7 /* PassTheBrokerTestUITests.xctest */,
			);
			name = Products;
			sourceTree = "<group>";
		};
		FA11CCBD1E8A3B2F0015706F /* PassTheBrokerTest */ = {
			isa = PBXGroup;
			children = (
				FA06844C1E8BB55300DE555A /* Fonts */,
				79B14D541EA53BE90017AD5B /* In-App Purchases */,
				FAC0DCF21E8B8560001855D3 /* Images */,
				34C5FF421EA65FD50048CA8B /* Extensions */,
				34C5FF3C1EA657080048CA8B /* Model */,
				34C5FF3D1EA657130048CA8B /* Views */,
				FA11CCBE1E8A3B2F0015706F /* AppDelegate.swift */,
				FA701B001E8D383900AD69BD /* TestHistoryVC.swift */,
				34AB1D2C1EA8624600B244BF /* SettingsVC.swift */,
				FAA083561E977B54005BA1A0 /* ChangeUserDetailVC.swift */,
				FA11CCC21E8A3B2F0015706F /* Main.storyboard */,
				FA11CCC51E8A3B2F0015706F /* Assets.xcassets */,
				FA11CCC71E8A3B2F0015706F /* LaunchScreen.storyboard */,
				FA11CCCA1E8A3B2F0015706F /* Info.plist */,
			);
			path = PassTheBrokerTest;
			sourceTree = "<group>";
		};
		FA11CCD01E8A3D590015706F /* 3rd Party Libraries */ = {
			isa = PBXGroup;
			children = (
				FAC0DCEA1E8B7EE7001855D3 /* FloatTextField */,
			);
			name = "3rd Party Libraries";
			path = PassTheBrokerTest;
			sourceTree = "<group>";
		};
		FA5BCC111E8F9124001EA7B7 /* PassTheBrokerTestUITests */ = {
			isa = PBXGroup;
			children = (
				FA5BCC121E8F9124001EA7B7 /* PassTheBrokerTestUITests.swift */,
				FA5BCC141E8F9124001EA7B7 /* Info.plist */,
			);
			path = PassTheBrokerTestUITests;
			sourceTree = "<group>";
		};
		FA90AC061E9F8F51008BEEE3 /* Frameworks */ = {
			isa = PBXGroup;
			children = (
				FA90AC071E9F8F51008BEEE3 /* StoreKit.framework */,
				F12FBDD7203B215A54D0EAAF /* Pods_PassTheBrokerTest.framework */,
			);
			name = Frameworks;
			sourceTree = "<group>";
		};
		FAC0DCEA1E8B7EE7001855D3 /* FloatTextField */ = {
			isa = PBXGroup;
			children = (
				FA11CCD21E8A3D690015706F /* VMFloatLabelTextView.swift */,
				FA11CCD11E8A3D690015706F /* VMFloatLabelTextField.swift */,
			);
			name = FloatTextField;
			sourceTree = "<group>";
		};
		FAC0DCF21E8B8560001855D3 /* Images */ = {
			isa = PBXGroup;
			children = (
				79B14D571EA5442C0017AD5B /* Logo-2.png */,
				79B14D551EA53CE70017AD5B /* logo.JPG */,
				FAB423101E8E3AAA000A27FF /* change-passwrd.png */,
				FAB423111E8E3AAA000A27FF /* logout-2.png */,
				FAB423121E8E3AAA000A27FF /* restore.png */,
				FAB423131E8E3AAA000A27FF /* update-email.png */,
				FAB4230A1E8E2FAD000A27FF /* logout-1.png */,
				FAB4230C1E8E2FAD000A27FF /* setting.png */,
				FA701AFE1E8D36AC00AD69BD /* reviewresult.png */,
				FA701AFA1E8D31BC00AD69BD /* Game Over-Light-bg.png */,
				FA701AFB1E8D31BC00AD69BD /* take-new-test.png */,
				FAC0DCF31E8B8583001855D3 /* Sign In-Light.png */,
				FA0684381E8B9BC000DE555A /* Login.png */,
				FA0684391E8B9BC000DE555A /* Logo-1.png */,
				FA06843A1E8B9BC000DE555A /* register.png */,
				FA06843E1E8B9E8000DE555A /* art&design.png */,
				FA06843F1E8B9E8000DE555A /* drama.png */,
				FA0684401E8B9E8000DE555A /* header.png */,
				FA0684481E8BA10600DE555A /* plain-btn.png */,
				FA0684411E8B9E8000DE555A /* launguge.png */,
				FA06844A1E8BAFAC00DE555A /* bg.png */,
			);
			name = Images;
			sourceTree = "<group>";
		};
/* End PBXGroup section */

/* Begin PBXNativeTarget section */
		FA11CCBA1E8A3B2E0015706F /* PassTheBrokerTest */ = {
			isa = PBXNativeTarget;
			buildConfigurationList = FA11CCCD1E8A3B2F0015706F /* Build configuration list for PBXNativeTarget "PassTheBrokerTest" */;
			buildPhases = (
				8BA2241393EDB4F14AA725E7 /* [CP] Check Pods Manifest.lock */,
				FA11CCB71E8A3B2E0015706F /* Sources */,
				FA11CCB81E8A3B2E0015706F /* Frameworks */,
				FA11CCB91E8A3B2E0015706F /* Resources */,
				FE59E2F5AEC4017B85578C79 /* [CP] Embed Pods Frameworks */,
				AAD0FF749DF0717BF2DD1201 /* [CP] Copy Pods Resources */,
			);
			buildRules = (
			);
			dependencies = (
			);
			name = PassTheBrokerTest;
			productName = PassTheBrokerTest;
			productReference = FA11CCBB1E8A3B2F0015706F /* PassTheBrokerTest.app */;
			productType = "com.apple.product-type.application";
		};
		FA5BCC0F1E8F9124001EA7B7 /* PassTheBrokerTestUITests */ = {
			isa = PBXNativeTarget;
			buildConfigurationList = FA5BCC211E8F9124001EA7B7 /* Build configuration list for PBXNativeTarget "PassTheBrokerTestUITests" */;
			buildPhases = (
				FA5BCC0C1E8F9124001EA7B7 /* Sources */,
				FA5BCC0D1E8F9124001EA7B7 /* Frameworks */,
				FA5BCC0E1E8F9124001EA7B7 /* Resources */,
			);
			buildRules = (
			);
			dependencies = (
				FA5BCC161E8F9124001EA7B7 /* PBXTargetDependency */,
			);
			name = PassTheBrokerTestUITests;
			productName = PassTheBrokerTestUITests;
			productReference = FA5BCC101E8F9124001EA7B7 /* PassTheBrokerTestUITests.xctest */;
			productType = "com.apple.product-type.bundle.ui-testing";
		};
/* End PBXNativeTarget section */

/* Begin PBXProject section */
		FA11CCB31E8A3B2E0015706F /* Project object */ = {
			isa = PBXProject;
			attributes = {
				LastSwiftUpdateCheck = 0820;
				LastUpgradeCheck = 0820;
				ORGANIZATIONNAME = MitsSoft;
				TargetAttributes = {
					FA11CCBA1E8A3B2E0015706F = {
						CreatedOnToolsVersion = 8.2;
						DevelopmentTeam = VN23ZR5K3L;
						LastSwiftMigration = 0820;
						ProvisioningStyle = Automatic;
						SystemCapabilities = {
							com.apple.InAppPurchase = {
								enabled = 1;
							};
						};
					};
					FA5BCC0F1E8F9124001EA7B7 = {
						CreatedOnToolsVersion = 8.2;
						ProvisioningStyle = Automatic;
						TestTargetID = FA11CCBA1E8A3B2E0015706F;
					};
				};
			};
			buildConfigurationList = FA11CCB61E8A3B2E0015706F /* Build configuration list for PBXProject "PassTheBrokerTest" */;
			compatibilityVersion = "Xcode 3.2";
			developmentRegion = English;
			hasScannedForEncodings = 0;
			knownRegions = (
				en,
				Base,
			);
			mainGroup = FA11CCB21E8A3B2E0015706F;
			productRefGroup = FA11CCBC1E8A3B2F0015706F /* Products */;
			projectDirPath = "";
			projectRoot = "";
			targets = (
				FA11CCBA1E8A3B2E0015706F /* PassTheBrokerTest */,
				FA5BCC0F1E8F9124001EA7B7 /* PassTheBrokerTestUITests */,
			);
		};
/* End PBXProject section */

/* Begin PBXResourcesBuildPhase section */
		FA11CCB91E8A3B2E0015706F /* Resources */ = {
			isa = PBXResourcesBuildPhase;
			buildActionMask = 2147483647;
			files = (
				FA701B0D1E8D47F000AD69BD /* Rubik-BoldItalic.ttf in Resources */,
				79B14D561EA53CE70017AD5B /* logo.JPG in Resources */,
				FA0684431E8B9E8000DE555A /* art&design.png in Resources */,
				FAB4230F1E8E2FAD000A27FF /* setting.png in Resources */,
				FA06843D1E8B9BC000DE555A /* register.png in Resources */,
				FAB423141E8E3AAA000A27FF /* change-passwrd.png in Resources */,
				FA701B081E8D47EA00AD69BD /* Poppins700.ttf in Resources */,
				FA0684491E8BA10600DE555A /* plain-btn.png in Resources */,
				FA11CCC91E8A3B2F0015706F /* LaunchScreen.storyboard in Resources */,
				FA06844B1E8BAFAC00DE555A /* bg.png in Resources */,
				FA701B0E1E8D47F000AD69BD /* Rubik-Light.ttf in Resources */,
				FAB423171E8E3AAA000A27FF /* update-email.png in Resources */,
				FAC0DCF41E8B8583001855D3 /* Sign In-Light.png in Resources */,
				FA11CCC61E8A3B2F0015706F /* Assets.xcassets in Resources */,
				FA701AFC1E8D31BC00AD69BD /* Game Over-Light-bg.png in Resources */,
				FA701B041E8D47E000AD69BD /* Karlaitalic.ttf in Resources */,
				FA701AFF1E8D36AC00AD69BD /* reviewresult.png in Resources */,
				FA701B121E8D47F000AD69BD /* Rubik-Regular.ttf in Resources */,
				FA701B0B1E8D47F000AD69BD /* Rubik-BlackItalic.ttf in Resources */,
				FA0684461E8B9E8000DE555A /* launguge.png in Resources */,
				FAB4230D1E8E2FAD000A27FF /* logout-1.png in Resources */,
				FA06843B1E8B9BC000DE555A /* Login.png in Resources */,
				FAB423161E8E3AAA000A27FF /* restore.png in Resources */,
				FAB423151E8E3AAA000A27FF /* logout-2.png in Resources */,
				FA701B0A1E8D47F000AD69BD /* Rubik-Black.ttf in Resources */,
				FA701B051E8D47E300AD69BD /* Karlaregular.ttf in Resources */,
				FA701B021E8D47DA00AD69BD /* Karla700.ttf in Resources */,
				FA701B0F1E8D47F000AD69BD /* Rubik-LightItalic.ttf in Resources */,
				FA06843C1E8B9BC000DE555A /* Logo-1.png in Resources */,
				FA701B061E8D47E600AD69BD /* Poppins300.ttf in Resources */,
				FA701B101E8D47F000AD69BD /* Rubik-Medium.ttf in Resources */,
				FA0684441E8B9E8000DE555A /* drama.png in Resources */,
				FA701AFD1E8D31BC00AD69BD /* take-new-test.png in Resources */,
				FA0684451E8B9E8000DE555A /* header.png in Resources */,
				FA11CCC41E8A3B2F0015706F /* Main.storyboard in Resources */,
				FA701B031E8D47DE00AD69BD /* Karla700italic.ttf in Resources */,
				FA701B0C1E8D47F000AD69BD /* Rubik-Bold.ttf in Resources */,
				FA701B091E8D47F000AD69BD /* Poppinsregular.ttf in Resources */,
				79B14D581EA5442C0017AD5B /* Logo-2.png in Resources */,
				FA701B111E8D47F000AD69BD /* Rubik-MediumItalic.ttf in Resources */,
				FA701B071E8D47E800AD69BD /* Poppins500.ttf in Resources */,
			);
			runOnlyForDeploymentPostprocessing = 0;
		};
		FA5BCC0E1E8F9124001EA7B7 /* Resources */ = {
			isa = PBXResourcesBuildPhase;
			buildActionMask = 2147483647;
			files = (
			);
			runOnlyForDeploymentPostprocessing = 0;
		};
/* End PBXResourcesBuildPhase section */

/* Begin PBXShellScriptBuildPhase section */
		8BA2241393EDB4F14AA725E7 /* [CP] Check Pods Manifest.lock */ = {
			isa = PBXShellScriptBuildPhase;
			buildActionMask = 2147483647;
			files = (
			);
			inputPaths = (
			);
			name = "[CP] Check Pods Manifest.lock";
			outputPaths = (
			);
			runOnlyForDeploymentPostprocessing = 0;
			shellPath = /bin/sh;
			shellScript = "diff \"${PODS_ROOT}/../Podfile.lock\" \"${PODS_ROOT}/Manifest.lock\" > /dev/null\nif [ $? != 0 ] ; then\n    # print error to STDERR\n    echo \"error: The sandbox is not in sync with the Podfile.lock. Run 'pod install' or update your CocoaPods installation.\" >&2\n    exit 1\nfi\n";
			showEnvVarsInLog = 0;
		};
		AAD0FF749DF0717BF2DD1201 /* [CP] Copy Pods Resources */ = {
			isa = PBXShellScriptBuildPhase;
			buildActionMask = 2147483647;
			files = (
			);
			inputPaths = (
			);
			name = "[CP] Copy Pods Resources";
			outputPaths = (
			);
			runOnlyForDeploymentPostprocessing = 0;
			shellPath = /bin/sh;
			shellScript = "\"${SRCROOT}/Pods/Target Support Files/Pods-PassTheBrokerTest/Pods-PassTheBrokerTest-resources.sh\"\n";
			showEnvVarsInLog = 0;
		};
		FE59E2F5AEC4017B85578C79 /* [CP] Embed Pods Frameworks */ = {
			isa = PBXShellScriptBuildPhase;
			buildActionMask = 2147483647;
			files = (
			);
			inputPaths = (
			);
			name = "[CP] Embed Pods Frameworks";
			outputPaths = (
			);
			runOnlyForDeploymentPostprocessing = 0;
			shellPath = /bin/sh;
			shellScript = "\"${SRCROOT}/Pods/Target Support Files/Pods-PassTheBrokerTest/Pods-PassTheBrokerTest-frameworks.sh\"\n";
			showEnvVarsInLog = 0;
		};
/* End PBXShellScriptBuildPhase section */

/* Begin PBXSourcesBuildPhase section */
		FA11CCB71E8A3B2E0015706F /* Sources */ = {
			isa = PBXSourcesBuildPhase;
			buildActionMask = 2147483647;
			files = (
				34C5FF3B1EA6559E0048CA8B /* LoginVC.swift in Sources */,
				FA11CCBF1E8A3B2F0015706F /* AppDelegate.swift in Sources */,
				34C5FF521EA79CEA0048CA8B /* TestButton.swift in Sources */,
				34C5FF501EA6C4D30048CA8B /* AdView.swift in Sources */,
				34C5FF541EA7A7650048CA8B /* TestVC.swift in Sources */,
				34C5FF481EA6685A0048CA8B /* Event.swift in Sources */,
				34C5FF4C1EA6A04F0048CA8B /* Question.swift in Sources */,
				FA701B011E8D383900AD69BD /* TestHistoryVC.swift in Sources */,
				34AB1D261EA8510500B244BF /* TestReviewHeaderTVC.swift in Sources */,
				34C5FF411EA658C80048CA8B /* Api.swift in Sources */,
				FA11CCD41E8A3D690015706F /* VMFloatLabelTextView.swift in Sources */,
				34C5FF441EA65FE20048CA8B /* AlertExtension.swift in Sources */,
				34AB1D2A1EA8586A00B244BF /* Topic.swift in Sources */,
				34C5FF461EA661AF0048CA8B /* TextFieldExtension.swift in Sources */,
				FA11CCD81E8A8D260015706F /* RegisterVC.swift in Sources */,
				34C5FF3F1EA6572C0048CA8B /* Settings.swift in Sources */,
				34AB1D221EA83D4000B244BF /* TestReviewVC.swift in Sources */,
				34C5FF571EA7AAAD0048CA8B /* Test.swift in Sources */,
				34C5FF4E1EA6C4750048CA8B /* MainVC.swift in Sources */,
				FAA083571E977B54005BA1A0 /* ChangeUserDetailVC.swift in Sources */,
				34AB1D281EA8510F00B244BF /* TestReviewQuestionTVC.swift in Sources */,
				FAB423031E8E2A68000A27FF /* MenuVC.swift in Sources */,
				FA701AF91E8D26E500AD69BD /* TestResultVC.swift in Sources */,
				34B1B6461EA80B4B00A41AAC /* ChoiceButton.swift in Sources */,
				79B14D5A1EA5466A0017AD5B /* IAPHelper.swift in Sources */,
				34AB1D2D1EA8624600B244BF /* SettingsVC.swift in Sources */,
				FA11CCD31E8A3D690015706F /* VMFloatLabelTextField.swift in Sources */,
				79B14D5C1EA54B120017AD5B /* IAPProducts.swift in Sources */,
			);
			runOnlyForDeploymentPostprocessing = 0;
		};
		FA5BCC0C1E8F9124001EA7B7 /* Sources */ = {
			isa = PBXSourcesBuildPhase;
			buildActionMask = 2147483647;
			files = (
				FA5BCC131E8F9124001EA7B7 /* PassTheBrokerTestUITests.swift in Sources */,
			);
			runOnlyForDeploymentPostprocessing = 0;
		};
/* End PBXSourcesBuildPhase section */

/* Begin PBXTargetDependency section */
		FA5BCC161E8F9124001EA7B7 /* PBXTargetDependency */ = {
			isa = PBXTargetDependency;
			target = FA11CCBA1E8A3B2E0015706F /* PassTheBrokerTest */;
			targetProxy = FA5BCC151E8F9124001EA7B7 /* PBXContainerItemProxy */;
		};
/* End PBXTargetDependency section */

/* Begin PBXVariantGroup section */
		FA11CCC21E8A3B2F0015706F /* Main.storyboard */ = {
			isa = PBXVariantGroup;
			children = (
				FA11CCC31E8A3B2F0015706F /* Base */,
			);
			name = Main.storyboard;
			sourceTree = "<group>";
		};
		FA11CCC71E8A3B2F0015706F /* LaunchScreen.storyboard */ = {
			isa = PBXVariantGroup;
			children = (
				FA11CCC81E8A3B2F0015706F /* Base */,
			);
			name = LaunchScreen.storyboard;
			sourceTree = "<group>";
		};
/* End PBXVariantGroup section */

/* Begin XCBuildConfiguration section */
		FA11CCCB1E8A3B2F0015706F /* Debug */ = {
			isa = XCBuildConfiguration;
			buildSettings = {
				ALWAYS_SEARCH_USER_PATHS = NO;
				CLANG_ANALYZER_NONNULL = YES;
				CLANG_CXX_LANGUAGE_STANDARD = "gnu++0x";
				CLANG_CXX_LIBRARY = "libc++";
				CLANG_ENABLE_MODULES = YES;
				CLANG_ENABLE_OBJC_ARC = YES;
				CLANG_WARN_BOOL_CONVERSION = YES;
				CLANG_WARN_CONSTANT_CONVERSION = YES;
				CLANG_WARN_DIRECT_OBJC_ISA_USAGE = YES_ERROR;
				CLANG_WARN_DOCUMENTATION_COMMENTS = YES;
				CLANG_WARN_EMPTY_BODY = YES;
				CLANG_WARN_ENUM_CONVERSION = YES;
				CLANG_WARN_INFINITE_RECURSION = YES;
				CLANG_WARN_INT_CONVERSION = YES;
				CLANG_WARN_OBJC_ROOT_CLASS = YES_ERROR;
				CLANG_WARN_SUSPICIOUS_MOVE = YES;
				CLANG_WARN_UNREACHABLE_CODE = YES;
				CLANG_WARN__DUPLICATE_METHOD_MATCH = YES;
				CODE_SIGN_IDENTITY = "iPhone Developer: ishwar suvagia (24TVY93AEP)";
				"CODE_SIGN_IDENTITY[sdk=iphoneos*]" = "iPhone Developer: ishwar suvagia (24TVY93AEP)";
				COPY_PHASE_STRIP = NO;
				DEBUG_ACTIVITY_MODE = "";
				"DEBUG_ACTIVITY_MODE[arch=*]" = disable;
				DEBUG_INFORMATION_FORMAT = dwarf;
				ENABLE_STRICT_OBJC_MSGSEND = YES;
				ENABLE_TESTABILITY = YES;
				GCC_C_LANGUAGE_STANDARD = gnu99;
				GCC_DYNAMIC_NO_PIC = NO;
				GCC_NO_COMMON_BLOCKS = YES;
				GCC_OPTIMIZATION_LEVEL = 0;
				GCC_PREPROCESSOR_DEFINITIONS = (
					"DEBUG=1",
					"$(inherited)",
				);
				GCC_WARN_64_TO_32_BIT_CONVERSION = YES;
				GCC_WARN_ABOUT_RETURN_TYPE = YES_ERROR;
				GCC_WARN_UNDECLARED_SELECTOR = YES;
				GCC_WARN_UNINITIALIZED_AUTOS = YES_AGGRESSIVE;
				GCC_WARN_UNUSED_FUNCTION = YES;
				GCC_WARN_UNUSED_VARIABLE = YES;
				IPHONEOS_DEPLOYMENT_TARGET = 10.2;
				MTL_ENABLE_DEBUG_INFO = YES;
				"MTL_ENABLE_DEBUG_INFO[arch=*]" = NO;
				ONLY_ACTIVE_ARCH = YES;
				SDKROOT = iphoneos;
				SWIFT_ACTIVE_COMPILATION_CONDITIONS = DEBUG;
				SWIFT_OPTIMIZATION_LEVEL = "-Onone";
			};
			name = Debug;
		};
		FA11CCCC1E8A3B2F0015706F /* Release */ = {
			isa = XCBuildConfiguration;
			buildSettings = {
				ALWAYS_SEARCH_USER_PATHS = NO;
				CLANG_ANALYZER_NONNULL = YES;
				CLANG_CXX_LANGUAGE_STANDARD = "gnu++0x";
				CLANG_CXX_LIBRARY = "libc++";
				CLANG_ENABLE_MODULES = YES;
				CLANG_ENABLE_OBJC_ARC = YES;
				CLANG_WARN_BOOL_CONVERSION = YES;
				CLANG_WARN_CONSTANT_CONVERSION = YES;
				CLANG_WARN_DIRECT_OBJC_ISA_USAGE = YES_ERROR;
				CLANG_WARN_DOCUMENTATION_COMMENTS = YES;
				CLANG_WARN_EMPTY_BODY = YES;
				CLANG_WARN_ENUM_CONVERSION = YES;
				CLANG_WARN_INFINITE_RECURSION = YES;
				CLANG_WARN_INT_CONVERSION = YES;
				CLANG_WARN_OBJC_ROOT_CLASS = YES_ERROR;
				CLANG_WARN_SUSPICIOUS_MOVE = YES;
				CLANG_WARN_UNREACHABLE_CODE = YES;
				CLANG_WARN__DUPLICATE_METHOD_MATCH = YES;
				CODE_SIGN_IDENTITY = "iPhone Distribution: ishwar suvagia (786VC2CNW2)";
				"CODE_SIGN_IDENTITY[sdk=iphoneos*]" = "iPhone Distribution: ishwar suvagia (786VC2CNW2)";
				COPY_PHASE_STRIP = NO;
				DEBUG_ACTIVITY_MODE = "";
				"DEBUG_ACTIVITY_MODE[arch=*]" = disable;
				DEBUG_INFORMATION_FORMAT = "dwarf-with-dsym";
				ENABLE_NS_ASSERTIONS = NO;
				ENABLE_STRICT_OBJC_MSGSEND = YES;
				GCC_C_LANGUAGE_STANDARD = gnu99;
				GCC_NO_COMMON_BLOCKS = YES;
				GCC_WARN_64_TO_32_BIT_CONVERSION = YES;
				GCC_WARN_ABOUT_RETURN_TYPE = YES_ERROR;
				GCC_WARN_UNDECLARED_SELECTOR = YES;
				GCC_WARN_UNINITIALIZED_AUTOS = YES_AGGRESSIVE;
				GCC_WARN_UNUSED_FUNCTION = YES;
				GCC_WARN_UNUSED_VARIABLE = YES;
				IPHONEOS_DEPLOYMENT_TARGET = 10.2;
				MTL_ENABLE_DEBUG_INFO = NO;
				SDKROOT = iphoneos;
				SWIFT_OPTIMIZATION_LEVEL = "-Owholemodule";
				VALIDATE_PRODUCT = YES;
			};
			name = Release;
		};
		FA11CCCE1E8A3B2F0015706F /* Debug */ = {
			isa = XCBuildConfiguration;
			baseConfigurationReference = 69A6BC437AEAA60E771C0E2F /* Pods-PassTheBrokerTest.debug.xcconfig */;
			buildSettings = {
				ASSETCATALOG_COMPILER_APPICON_NAME = AppIcon;
				"CODE_SIGN_IDENTITY[sdk=iphoneos*]" = "iPhone Developer";
				DEVELOPMENT_TEAM = VN23ZR5K3L;
				INFOPLIST_FILE = PassTheBrokerTest/Info.plist;
				IPHONEOS_DEPLOYMENT_TARGET = 8.3;
				LD_RUNPATH_SEARCH_PATHS = "$(inherited) @executable_path/Frameworks";
				PRODUCT_BUNDLE_IDENTIFIER = com.overridelabs.ptbe.ny.sales;
				PRODUCT_NAME = "$(TARGET_NAME)";
				SWIFT_VERSION = 3.0;
			};
			name = Debug;
		};
		FA11CCCF1E8A3B2F0015706F /* Release */ = {
			isa = XCBuildConfiguration;
			baseConfigurationReference = F41968D408FD6CC38EBF7917 /* Pods-PassTheBrokerTest.release.xcconfig */;
			buildSettings = {
				ASSETCATALOG_COMPILER_APPICON_NAME = AppIcon;
				"CODE_SIGN_IDENTITY[sdk=iphoneos*]" = "iPhone Developer";
				DEVELOPMENT_TEAM = VN23ZR5K3L;
				INFOPLIST_FILE = PassTheBrokerTest/Info.plist;
				IPHONEOS_DEPLOYMENT_TARGET = 8.3;
				LD_RUNPATH_SEARCH_PATHS = "$(inherited) @executable_path/Frameworks";
				PRODUCT_BUNDLE_IDENTIFIER = com.overridelabs.ptbe.ny.sales;
				PRODUCT_NAME = "$(TARGET_NAME)";
				SWIFT_VERSION = 3.0;
			};
			name = Release;
		};
		FA5BCC171E8F9124001EA7B7 /* Debug */ = {
			isa = XCBuildConfiguration;
			buildSettings = {
				"CODE_SIGN_IDENTITY[sdk=iphoneos*]" = "iPhone Developer";
				INFOPLIST_FILE = PassTheBrokerTestUITests/Info.plist;
				LD_RUNPATH_SEARCH_PATHS = "$(inherited) @executable_path/Frameworks @loader_path/Frameworks";
				PRODUCT_BUNDLE_IDENTIFIER = com.isquaretestapp.PassTheBrokerTestUITests;
				PRODUCT_NAME = "$(TARGET_NAME)";
				SWIFT_VERSION = 3.0;
				TEST_TARGET_NAME = PassTheBrokerTest;
			};
			name = Debug;
		};
		FA5BCC181E8F9124001EA7B7 /* Release */ = {
			isa = XCBuildConfiguration;
			buildSettings = {
				"CODE_SIGN_IDENTITY[sdk=iphoneos*]" = "iPhone Developer";
				INFOPLIST_FILE = PassTheBrokerTestUITests/Info.plist;
				LD_RUNPATH_SEARCH_PATHS = "$(inherited) @executable_path/Frameworks @loader_path/Frameworks";
				PRODUCT_BUNDLE_IDENTIFIER = com.isquaretestapp.PassTheBrokerTestUITests;
				PRODUCT_NAME = "$(TARGET_NAME)";
				SWIFT_VERSION = 3.0;
				TEST_TARGET_NAME = PassTheBrokerTest;
			};
			name = Release;
		};
/* End XCBuildConfiguration section */

/* Begin XCConfigurationList section */
		FA11CCB61E8A3B2E0015706F /* Build configuration list for PBXProject "PassTheBrokerTest" */ = {
			isa = XCConfigurationList;
			buildConfigurations = (
				FA11CCCB1E8A3B2F0015706F /* Debug */,
				FA11CCCC1E8A3B2F0015706F /* Release */,
			);
			defaultConfigurationIsVisible = 0;
			defaultConfigurationName = Release;
		};
		FA11CCCD1E8A3B2F0015706F /* Build configuration list for PBXNativeTarget "PassTheBrokerTest" */ = {
			isa = XCConfigurationList;
			buildConfigurations = (
				FA11CCCE1E8A3B2F0015706F /* Debug */,
				FA11CCCF1E8A3B2F0015706F /* Release */,
			);
			defaultConfigurationIsVisible = 0;
			defaultConfigurationName = Release;
		};
		FA5BCC211E8F9124001EA7B7 /* Build configuration list for PBXNativeTarget "PassTheBrokerTestUITests" */ = {
			isa = XCConfigurationList;
			buildConfigurations = (
				FA5BCC171E8F9124001EA7B7 /* Debug */,
				FA5BCC181E8F9124001EA7B7 /* Release */,
			);
			defaultConfigurationIsVisible = 0;
			defaultConfigurationName = Release;
		};
/* End XCConfigurationList section */
	};
	rootObject = FA11CCB31E8A3B2E0015706F /* Project object */;
}
